// !$*UTF8*$!
{
	archiveVersion = 1;
	classes = {
	};
	objectVersion = 50;
	objects = {

/* Begin PBXBuildFile section */
		2FBFC006264DB6860012B8BA /* main.cpp in Sources */ = {isa = PBXBuildFile; fileRef = 2FBFC005264DB6860012B8BA /* main.cpp */; };
		2FBFC00F264DB6C30012B8BA /* OpenGL.framework in Frameworks */ = {isa = PBXBuildFile; fileRef = 2FBFC00E264DB6C30012B8BA /* OpenGL.framework */; };
		2FBFC011264DB6CB0012B8BA /* GLUT.framework in Frameworks */ = {isa = PBXBuildFile; fileRef = 2FBFC010264DB6CB0012B8BA /* GLUT.framework */; };
		2FBFC015264DC0160012B8BA /* SDL2SoundEffects.cpp in Sources */ = {isa = PBXBuildFile; fileRef = 2FBFC013264DC0160012B8BA /* SDL2SoundEffects.cpp */; };
		2FBFC019264DC0990012B8BA /* libSDL2_mixer-2.0.0.dylib in Frameworks */ = {isa = PBXBuildFile; fileRef = 2FBFC018264DC0990012B8BA /* libSDL2_mixer-2.0.0.dylib */; };
		2FBFC01C264DC0B10012B8BA /* libSDL2-2.0.0.dylib in Frameworks */ = {isa = PBXBuildFile; fileRef = 2FBFC01B264DC0B10012B8BA /* libSDL2-2.0.0.dylib */; };
/* End PBXBuildFile section */

/* Begin PBXCopyFilesBuildPhase section */
		2FBFC000264DB6860012B8BA /* CopyFiles */ = {
			isa = PBXCopyFilesBuildPhase;
			buildActionMask = 2147483647;
			dstPath = /usr/share/man/man1/;
			dstSubfolderSpec = 0;
			files = (
			);
			runOnlyForDeploymentPostprocessing = 1;
		};
/* End PBXCopyFilesBuildPhase section */

/* Begin PBXFileReference section */
		2FBFC002264DB6860012B8BA /* final_submit */ = {isa = PBXFileReference; explicitFileType = "compiled.mach-o.executable"; includeInIndex = 0; path = final_submit; sourceTree = BUILT_PRODUCTS_DIR; };
		2FBFC005264DB6860012B8BA /* main.cpp */ = {isa = PBXFileReference; lastKnownFileType = sourcecode.cpp.cpp; path = main.cpp; sourceTree = "<group>"; };
		2FBFC00E264DB6C30012B8BA /* OpenGL.framework */ = {isa = PBXFileReference; lastKnownFileType = wrapper.framework; name = OpenGL.framework; path = System/Library/Frameworks/OpenGL.framework; sourceTree = SDKROOT; };
		2FBFC010264DB6CB0012B8BA /* GLUT.framework */ = {isa = PBXFileReference; lastKnownFileType = wrapper.framework; name = GLUT.framework; path = System/Library/Frameworks/GLUT.framework; sourceTree = SDKROOT; };
		2FBFC013264DC0160012B8BA /* SDL2SoundEffects.cpp */ = {isa = PBXFileReference; lastKnownFileType = sourcecode.cpp.cpp; path = SDL2SoundEffects.cpp; sourceTree = "<group>"; };
		2FBFC014264DC0160012B8BA /* SDL2SoundEffects.h */ = {isa = PBXFileReference; lastKnownFileType = sourcecode.c.h; path = SDL2SoundEffects.h; sourceTree = "<group>"; };
		2FBFC018264DC0990012B8BA /* libSDL2_mixer-2.0.0.dylib */ = {isa = PBXFileReference; lastKnownFileType = "compiled.mach-o.dylib"; name = "libSDL2_mixer-2.0.0.dylib"; path = "../../../../../usr/local/Cellar/sdl2_mixer/2.0.4_1/lib/libSDL2_mixer-2.0.0.dylib"; sourceTree = "<group>"; };
		2FBFC01B264DC0B10012B8BA /* libSDL2-2.0.0.dylib */ = {isa = PBXFileReference; lastKnownFileType = "compiled.mach-o.dylib"; name = "libSDL2-2.0.0.dylib"; path = "../../../../../usr/local/Cellar/sdl2/2.0.14_1/lib/libSDL2-2.0.0.dylib"; sourceTree = "<group>"; };
/* End PBXFileReference section */

/* Begin PBXFrameworksBuildPhase section */
		2FBFBFFF264DB6860012B8BA /* Frameworks */ = {
			isa = PBXFrameworksBuildPhase;
			buildActionMask = 2147483647;
			files = (
				2FBFC01C264DC0B10012B8BA /* libSDL2-2.0.0.dylib in Frameworks */,
				2FBFC019264DC0990012B8BA /* libSDL2_mixer-2.0.0.dylib in Frameworks */,
				2FBFC011264DB6CB0012B8BA /* GLUT.framework in Frameworks */,
				2FBFC00F264DB6C30012B8BA /* OpenGL.framework in Frameworks */,
			);
			runOnlyForDeploymentPostprocessing = 0;
		};
/* End PBXFrameworksBuildPhase section */

/* Begin PBXGroup section */
		2FBFBFF9264DB6860012B8BA = {
			isa = PBXGroup;
			children = (
				2FBFC004264DB6860012B8BA /* final_submit */,
				2FBFC003264DB6860012B8BA /* Products */,
				2FBFC00D264DB6C30012B8BA /* Frameworks */,
			);
			sourceTree = "<group>";
		};
		2FBFC003264DB6860012B8BA /* Products */ = {
			isa = PBXGroup;
			children = (
				2FBFC002264DB6860012B8BA /* final_submit */,
			);
			name = Products;
			sourceTree = "<group>";
		};
		2FBFC004264DB6860012B8BA /* final_submit */ = {
			isa = PBXGroup;
			children = (
				2FBFC005264DB6860012B8BA /* main.cpp */,
				2FBFC013264DC0160012B8BA /* SDL2SoundEffects.cpp */,
				2FBFC014264DC0160012B8BA /* SDL2SoundEffects.h */,
			);
			path = final_submit;
			sourceTree = "<group>";
		};
		2FBFC00D264DB6C30012B8BA /* Frameworks */ = {
			isa = PBXGroup;
			children = (
				2FBFC01B264DC0B10012B8BA /* libSDL2-2.0.0.dylib */,
				2FBFC018264DC0990012B8BA /* libSDL2_mixer-2.0.0.dylib */,
				2FBFC010264DB6CB0012B8BA /* GLUT.framework */,
				2FBFC00E264DB6C30012B8BA /* OpenGL.framework */,
			);
			name = Frameworks;
			sourceTree = "<group>";
		};
/* End PBXGroup section */

/* Begin PBXNativeTarget section */
		2FBFC001264DB6860012B8BA /* final_submit */ = {
			isa = PBXNativeTarget;
			buildConfigurationList = 2FBFC009264DB6860012B8BA /* Build configuration list for PBXNativeTarget "final_submit" */;
			buildPhases = (
				2FBFBFFE264DB6860012B8BA /* Sources */,
				2FBFBFFF264DB6860012B8BA /* Frameworks */,
				2FBFC000264DB6860012B8BA /* CopyFiles */,
			);
			buildRules = (
			);
			dependencies = (
			);
			name = final_submit;
			productName = final_submit;
			productReference = 2FBFC002264DB6860012B8BA /* final_submit */;
			productType = "com.apple.product-type.tool";
		};
/* End PBXNativeTarget section */

/* Begin PBXProject section */
		2FBFBFFA264DB6860012B8BA /* Project object */ = {
			isa = PBXProject;
			attributes = {
				LastUpgradeCheck = 1220;
				TargetAttributes = {
					2FBFC001264DB6860012B8BA = {
						CreatedOnToolsVersion = 12.2;
					};
				};
			};
			buildConfigurationList = 2FBFBFFD264DB6860012B8BA /* Build configuration list for PBXProject "final_submit" */;
			compatibilityVersion = "Xcode 9.3";
			developmentRegion = en;
			hasScannedForEncodings = 0;
			knownRegions = (
				en,
				Base,
			);
			mainGroup = 2FBFBFF9264DB6860012B8BA;
			productRefGroup = 2FBFC003264DB6860012B8BA /* Products */;
			projectDirPath = "";
			projectRoot = "";
			targets = (
				2FBFC001264DB6860012B8BA /* final_submit */,
			);
		};
/* End PBXProject section */

/* Begin PBXSourcesBuildPhase section */
		2FBFBFFE264DB6860012B8BA /* Sources */ = {
			isa = PBXSourcesBuildPhase;
			buildActionMask = 2147483647;
			files = (
				2FBFC006264DB6860012B8BA /* main.cpp in Sources */,
				2FBFC015264DC0160012B8BA /* SDL2SoundEffects.cpp in Sources */,
			);
			runOnlyForDeploymentPostprocessing = 0;
		};
/* End PBXSourcesBuildPhase section */

/* Begin XCBuildConfiguration section */
		2FBFC007264DB6860012B8BA /* Debug */ = {
			isa = XCBuildConfiguration;
			buildSettings = {
				ALWAYS_SEARCH_USER_PATHS = NO;
				CLANG_ANALYZER_NONNULL = YES;
				CLANG_ANALYZER_NUMBER_OBJECT_CONVERSION = YES_AGGRESSIVE;
				CLANG_CXX_LANGUAGE_STANDARD = "gnu++14";
				CLANG_CXX_LIBRARY = "libc++";
				CLANG_ENABLE_MODULES = YES;
				CLANG_ENABLE_OBJC_ARC = YES;
				CLANG_ENABLE_OBJC_WEAK = YES;
				CLANG_WARN_BLOCK_CAPTURE_AUTORELEASING = YES;
				CLANG_WARN_BOOL_CONVERSION = YES;
				CLANG_WARN_COMMA = YES;
				CLANG_WARN_CONSTANT_CONVERSION = YES;
				CLANG_WARN_DEPRECATED_OBJC_IMPLEMENTATIONS = YES;
				CLANG_WARN_DIRECT_OBJC_ISA_USAGE = YES_ERROR;
				CLANG_WARN_DOCUMENTATION_COMMENTS = YES;
				CLANG_WARN_EMPTY_BODY = YES;
				CLANG_WARN_ENUM_CONVERSION = YES;
				CLANG_WARN_INFINITE_RECURSION = YES;
				CLANG_WARN_INT_CONVERSION = YES;
				CLANG_WARN_NON_LITERAL_NULL_CONVERSION = YES;
				CLANG_WARN_OBJC_IMPLICIT_RETAIN_SELF = YES;
				CLANG_WARN_OBJC_LITERAL_CONVERSION = YES;
				CLANG_WARN_OBJC_ROOT_CLASS = YES_ERROR;
				CLANG_WARN_QUOTED_INCLUDE_IN_FRAMEWORK_HEADER = YES;
				CLANG_WARN_RANGE_LOOP_ANALYSIS = YES;
				CLANG_WARN_STRICT_PROTOTYPES = YES;
				CLANG_WARN_SUSPICIOUS_MOVE = YES;
				CLANG_WARN_UNGUARDED_AVAILABILITY = YES_AGGRESSIVE;
				CLANG_WARN_UNREACHABLE_CODE = YES;
				CLANG_WARN__DUPLICATE_METHOD_MATCH = YES;
				COPY_PHASE_STRIP = NO;
				DEBUG_INFORMATION_FORMAT = dwarf;
				ENABLE_STRICT_OBJC_MSGSEND = YES;
				ENABLE_TESTABILITY = YES;
				GCC_C_LANGUAGE_STANDARD = gnu11;
				GCC_DYNAMIC_NO_PIC = NO;
				GCC_NO_COMMON_BLOCKS = YES;
				GCC_OPTIMIZATION_LEVEL = 0;
				GCC_PREPROCESSOR_DEFINITIONS = (
					"DEBUG=1",
					"$(inherited)",
				);
				GCC_WARN_64_TO_32_BIT_CONVERSION = YES;
				GCC_WARN_ABOUT_RETURN_TYPE = YES_ERROR;
				GCC_WARN_UNDECLARED_SELECTOR = YES;
				GCC_WARN_UNINITIALIZED_AUTOS = YES_AGGRESSIVE;
				GCC_WARN_UNUSED_FUNCTION = YES;
				GCC_WARN_UNUSED_VARIABLE = YES;
				MACOSX_DEPLOYMENT_TARGET = 10.15;
				MTL_ENABLE_DEBUG_INFO = INCLUDE_SOURCE;
				MTL_FAST_MATH = YES;
				ONLY_ACTIVE_ARCH = YES;
				SDKROOT = macosx;
			};
			name = Debug;
		};
		2FBFC008264DB6860012B8BA /* Release */ = {
			isa = XCBuildConfiguration;
			buildSettings = {
				ALWAYS_SEARCH_USER_PATHS = NO;
				CLANG_ANALYZER_NONNULL = YES;
				CLANG_ANALYZER_NUMBER_OBJECT_CONVERSION = YES_AGGRESSIVE;
				CLANG_CXX_LANGUAGE_STANDARD = "gnu++14";
				CLANG_CXX_LIBRARY = "libc++";
				CLANG_ENABLE_MODULES = YES;
				CLANG_ENABLE_OBJC_ARC = YES;
				CLANG_ENABLE_OBJC_WEAK = YES;
				CLANG_WARN_BLOCK_CAPTURE_AUTORELEASING = YES;
				CLANG_WARN_BOOL_CONVERSION = YES;
				CLANG_WARN_COMMA = YES;
				CLANG_WARN_CONSTANT_CONVERSION = YES;
				CLANG_WARN_DEPRECATED_OBJC_IMPLEMENTATIONS = YES;
				CLANG_WARN_DIRECT_OBJC_ISA_USAGE = YES_ERROR;
				CLANG_WARN_DOCUMENTATION_COMMENTS = YES;
				CLANG_WARN_EMPTY_BODY = YES;
				CLANG_WARN_ENUM_CONVERSION = YES;
				CLANG_WARN_INFINITE_RECURSION = YES;
				CLANG_WARN_INT_CONVERSION = YES;
				CLANG_WARN_NON_LITERAL_NULL_CONVERSION = YES;
				CLANG_WARN_OBJC_IMPLICIT_RETAIN_SELF = YES;
				CLANG_WARN_OBJC_LITERAL_CONVERSION = YES;
				CLANG_WARN_OBJC_ROOT_CLASS = YES_ERROR;
				CLANG_WARN_QUOTED_INCLUDE_IN_FRAMEWORK_HEADER = YES;
				CLANG_WARN_RANGE_LOOP_ANALYSIS = YES;
				CLANG_WARN_STRICT_PROTOTYPES = YES;
				CLANG_WARN_SUSPICIOUS_MOVE = YES;
				CLANG_WARN_UNGUARDED_AVAILABILITY = YES_AGGRESSIVE;
				CLANG_WARN_UNREACHABLE_CODE = YES;
				CLANG_WARN__DUPLICATE_METHOD_MATCH = YES;
				COPY_PHASE_STRIP = NO;
				DEBUG_INFORMATION_FORMAT = "dwarf-with-dsym";
				ENABLE_NS_ASSERTIONS = NO;
				ENABLE_STRICT_OBJC_MSGSEND = YES;
				GCC_C_LANGUAGE_STANDARD = gnu11;
				GCC_NO_COMMON_BLOCKS = YES;
				GCC_WARN_64_TO_32_BIT_CONVERSION = YES;
				GCC_WARN_ABOUT_RETURN_TYPE = YES_ERROR;
				GCC_WARN_UNDECLARED_SELECTOR = YES;
				GCC_WARN_UNINITIALIZED_AUTOS = YES_AGGRESSIVE;
				GCC_WARN_UNUSED_FUNCTION = YES;
				GCC_WARN_UNUSED_VARIABLE = YES;
				MACOSX_DEPLOYMENT_TARGET = 10.15;
				MTL_ENABLE_DEBUG_INFO = NO;
				MTL_FAST_MATH = YES;
				SDKROOT = macosx;
			};
			name = Release;
		};
		2FBFC00A264DB6860012B8BA /* Debug */ = {
			isa = XCBuildConfiguration;
			buildSettings = {
				CODE_SIGN_STYLE = Automatic;
				HEADER_SEARCH_PATHS = /usr/local/include;
				LIBRARY_SEARCH_PATHS = (
					"$(inherited)",
					/usr/local/Cellar/sdl2_mixer/2.0.4_1/lib,
					/usr/local/Cellar/sdl2/2.0.14_1/lib,
				);
				PRODUCT_NAME = "$(TARGET_NAME)";
			};
			name = Debug;
		};
		2FBFC00B264DB6860012B8BA /* Release */ = {
			isa = XCBuildConfiguration;
			buildSettings = {
				CODE_SIGN_STYLE = Automatic;
				HEADER_SEARCH_PATHS = /usr/local/include;
				LIBRARY_SEARCH_PATHS = (
					"$(inherited)",
					/usr/local/Cellar/sdl2_mixer/2.0.4_1/lib,
					/usr/local/Cellar/sdl2/2.0.14_1/lib,
				);
				PRODUCT_NAME = "$(TARGET_NAME)";
			};
			name = Release;
		};
/* End XCBuildConfiguration section */

/* Begin XCConfigurationList section */
		2FBFBFFD264DB6860012B8BA /* Build configuration list for PBXProject "final_submit" */ = {
			isa = XCConfigurationList;
			buildConfigurations = (
				2FBFC007264DB6860012B8BA /* Debug */,
				2FBFC008264DB6860012B8BA /* Release */,
			);
			defaultConfigurationIsVisible = 0;
			defaultConfigurationName = Release;
		};
		2FBFC009264DB6860012B8BA /* Build configuration list for PBXNativeTarget "final_submit" */ = {
			isa = XCConfigurationList;
			buildConfigurations = (
				2FBFC00A264DB6860012B8BA /* Debug */,
				2FBFC00B264DB6860012B8BA /* Release */,
			);
			defaultConfigurationIsVisible = 0;
			defaultConfigurationName = Release;
		};
/* End XCConfigurationList section */
	};
	rootObject = 2FBFBFFA264DB6860012B8BA /* Project object */;
}
